
Microsoft Visual Studio Solution File, Format Version 12.00
# Visual Studio 15
VisualStudioVersion = 15.0.27004.2010
MinimumVisualStudioVersion = 10.0.40219.1
Project("{FAE04EC0-301F-11D3-BF4B-00C04F79EFBC}") = "StringWork", "StringWork\StringWork.csproj", "{8D7CCE3F-9B38-4794-95CD-878534019C8A}"
EndProject
Global
	GlobalSection(SolutionConfigurationPlatforms) = preSolution
		Debug|Any CPU = Debug|Any CPU
		Release|Any CPU = Release|Any CPU
	EndGlobalSection
	GlobalSection(ProjectConfigurationPlatforms) = postSolution
		{8D7CCE3F-9B38-4794-95CD-878534019C8A}.Debug|Any CPU.ActiveCfg = Debug|Any CPU
		{8D7CCE3F-9B38-4794-95CD-878534019C8A}.Debug|Any CPU.Build.0 = Debug|Any CPU
		{8D7CCE3F-9B38-4794-95CD-878534019C8A}.Release|Any CPU.ActiveCfg = Release|Any CPU
		{8D7CCE3F-9B38-4794-95CD-878534019C8A}.Release|Any CPU.Build.0 = Release|Any CPU
	EndGlobalSection
	GlobalSection(SolutionProperties) = preSolution
		HideSolutionNode = FALSE
	EndGlobalSection
	GlobalSection(ExtensibilityGlobals) = postSolution
		SolutionGuid = {B13E8E06-9992-49B3-93CD-E2C9F28B04E3}
	EndGlobalSection
EndGlobal
